
Microsoft Visual Studio Solution File, Format Version 12.00
# Visual Studio Version 17
VisualStudioVersion = 17.14.36401.2 d17.14
MinimumVisualStudioVersion = 10.0.40219.1
Project("{FAE04EC0-301F-11D3-BF4B-00C04F79EFBC}") = "ExtendedFileRenamerCLI", "ExtendedFileRenamerCLI\ExtendedFileRenamerCLI.csproj", "{4F35C106-9DFD-4C48-BB42-26C5B990D1A8}"
EndProject
Global
	GlobalSection(SolutionConfigurationPlatforms) = preSolution
		Debug|Any CPU = Debug|Any CPU
		Release|Any CPU = Release|Any CPU
	EndGlobalSection
	GlobalSection(ProjectConfigurationPlatforms) = postSolution
		{4F35C106-9DFD-4C48-BB42-26C5B990D1A8}.Debug|Any CPU.ActiveCfg = Debug|Any CPU
		{4F35C106-9DFD-4C48-BB42-26C5B990D1A8}.Debug|Any CPU.Build.0 = Debug|Any CPU
		{4F35C106-9DFD-4C48-BB42-26C5B990D1A8}.Release|Any CPU.ActiveCfg = Release|Any CPU
		{4F35C106-9DFD-4C48-BB42-26C5B990D1A8}.Release|Any CPU.Build.0 = Release|Any CPU
	EndGlobalSection
	GlobalSection(SolutionProperties) = preSolution
		HideSolutionNode = FALSE
	EndGlobalSection
	GlobalSection(ExtensibilityGlobals) = postSolution
		SolutionGuid = {580F5297-F265-4A07-A310-C01F31E009B1}
	EndGlobalSection
EndGlobal
